{
    "_readme": [
        "This file locks the dependencies of your project to a known state",
        "Read more about it at https://getcomposer.org/doc/01-basic-usage.md#composer-lock-the-lock-file",
        "This file is @generated automatically"
    ],
    "content-hash": "ec1cb97db9db552ec114643b64cf085e",
    "packages": [
        {
            "name": "ip1sms/ip1-php-sdk",
            "version": "0.3.3-beta",
            "source": {
                "type": "git",
                "url": "https://github.com/iP1SMS/ip1-php-sdk.git",
                "reference": "89fa1e396c94cae3dc0d58e13be0e97da6db519e"
            },
            "dist": {
                "type": "zip",
                "url": "https://api.github.com/repos/iP1SMS/ip1-php-sdk/zipball/89fa1e396c94cae3dc0d58e13be0e97da6db519e",
                "reference": "89fa1e396c94cae3dc0d58e13be0e97da6db519e",
                "shasum": ""
            },
            "require": {
                "nategood/httpful": "*",
                "php": "^7.1.1"
            },
            "require-dev": {
                "phpunit/phpunit": "^6.0",
                "squizlabs/php_codesniffer": "2.*"
            },
            "type": "library",
            "autoload": {
                "psr-4": {
                    "IP1\\RESTClient\\": "src",
                    "IP1\\RESTClient\\Test\\": "tests"
                }
            },
            "notification-url": "https://packagist.org/downloads/",
            "license": [
                "LGPL-3.0"
            ],
            "authors": [
                {
                    "name": "Hannes Kindströmmer",
                    "email": "hannes@kindstrommer.se",
                    "homepage": "http://kindstrommer.se",
                    "role": "Developer"
                }
            ],
            "description": "A PHP client library for the IP1SMS RESTful API",
            "time": "2017-09-27T08:56:32+00:00"
        },
        {
            "name": "nategood/httpful",
            "version": "0.2.20",
            "source": {
                "type": "git",
                "url": "https://github.com/nategood/httpful.git",
                "reference": "c1cd4d46a4b281229032cf39d4dd852f9887c0f6"
            },
            "dist": {
                "type": "zip",
                "url": "https://api.github.com/repos/nategood/httpful/zipball/c1cd4d46a4b281229032cf39d4dd852f9887c0f6",
                "reference": "c1cd4d46a4b281229032cf39d4dd852f9887c0f6",
                "shasum": ""
            },
            "require": {
                "ext-curl": "*",
                "php": ">=5.3"
            },
            "require-dev": {
                "phpunit/phpunit": "*"
            },
            "type": "library",
            "autoload": {
                "psr-0": {
                    "Httpful": "src/"
                }
            },
            "notification-url": "https://packagist.org/downloads/",
            "license": [
                "MIT"
            ],
            "authors": [
                {
                    "name": "Nate Good",
                    "email": "me@nategood.com",
                    "homepage": "http://nategood.com"
                }
            ],
            "description": "A Readable, Chainable, REST friendly, PHP HTTP Client",
            "homepage": "http://github.com/nategood/httpful",
            "keywords": [
                "api",
                "curl",
                "http",
                "requests",
                "rest",
                "restful"
            ],
            "time": "2015-10-26T16:11:30+00:00"
        }
    ],
    "packages-dev": [],
    "aliases": [],
    "minimum-stability": "beta",
    "stability-flags": {
        "ip1sms/ip1-php-sdk": 10
    },
    "prefer-stable": false,
    "prefer-lowest": false,
    "platform": [],
    "platform-dev": []
}
